
Microsoft Visual Studio Solution File, Format Version 12.00
# Visual Studio Version 17
VisualStudioVersion = 17.11.35327.3
MinimumVisualStudioVersion = 10.0.40219.1
Project("{888888A0-9F3D-457C-B088-3A5042F75D52}") = "JobWebscraper", "JobWebscraper\JobWebscraper.pyproj", "{11A2238E-93C2-44A3-BC4D-A57D97925C3D}"
EndProject
Global
	GlobalSection(SolutionConfigurationPlatforms) = preSolution
		Debug|Any CPU = Debug|Any CPU
		Release|Any CPU = Release|Any CPU
	EndGlobalSection
	GlobalSection(ProjectConfigurationPlatforms) = postSolution
		{11A2238E-93C2-44A3-BC4D-A57D97925C3D}.Debug|Any CPU.ActiveCfg = Debug|Any CPU
		{11A2238E-93C2-44A3-BC4D-A57D97925C3D}.Release|Any CPU.ActiveCfg = Release|Any CPU
	EndGlobalSection
	GlobalSection(SolutionProperties) = preSolution
		HideSolutionNode = FALSE
	EndGlobalSection
	GlobalSection(ExtensibilityGlobals) = postSolution
		SolutionGuid = {7E76567F-149E-402B-97DD-C7CD3A7E9443}
	EndGlobalSection
EndGlobal
